
Microsoft Visual Studio Solution File, Format Version 12.00
# Visual Studio 15
Project("{FAE04EC0-301F-11D3-BF4B-00C04F79EFBC}") = "MonoDevelop.TouchBar", "MonoDevelop.TouchBar\MonoDevelop.TouchBar.csproj", "{323EA70C-1826-4EB9-98F9-5A877609039C}"
EndProject
Global
	GlobalSection(SolutionConfigurationPlatforms) = preSolution
		Debug|Any CPU = Debug|Any CPU
		Release|Any CPU = Release|Any CPU
	EndGlobalSection
	GlobalSection(ProjectConfigurationPlatforms) = postSolution
		{323EA70C-1826-4EB9-98F9-5A877609039C}.Debug|Any CPU.ActiveCfg = Debug|Any CPU
		{323EA70C-1826-4EB9-98F9-5A877609039C}.Debug|Any CPU.Build.0 = Debug|Any CPU
		{323EA70C-1826-4EB9-98F9-5A877609039C}.Release|Any CPU.ActiveCfg = Release|Any CPU
		{323EA70C-1826-4EB9-98F9-5A877609039C}.Release|Any CPU.Build.0 = Release|Any CPU
	EndGlobalSection
EndGlobal
